github.com/andybalholm/brotli v1.2.2 h1:HzTuoo2ErYQqf5qvcJInB8uvqSVxRttzkFexPWtnceM=
github.com/andybalholm/brotli v1.2.2/go.mod h1:rzTDkvFWvIrjDXZHkuS16NPggd91W3kUSvPlQ1pLaKY=
github.com/google/go-cmp v0.6.0 h1:ofyhxvXcZhMsU5ulbFiLKl/XBFqE1GSq7atu8tAmTRI=
github.com/google/go-cmp v0.6.0/go.mod h1:17dUlkBOakJ0+DkrSSNjCkIjxS6bF9zb3elmeNGIjoY=
github.com/klauspost/compress v1.19.1 h1:VsB4HPswih7mmZ8WleSFQ75c/Ui1M4trX5oAsJnhSlk=
github.com/klauspost/compress v1.19.1/go.mod h1:cwPg85FWrGar70rWktvGQj8/hthj3wpl0PGDogxkrSQ=
github.com/savsgio/gotils v0.0.0-20240704082632-aef3928b8a38 h1:D0vL7YNisV2yqE55+q0lFuGse6U8lxlg7fYTctlT5Gc=
github.com/savsgio/gotils v0.0.0-20240704082632-aef3928b8a38/go.mod h1:sM7Mt7uEoCeFSCBM+qBrqvEo+/9vdmj19wzp3yzUhmg=
github.com/shibukawa/configdir v0.0.0-20170330084843-e180dbdc8da0 h1:Xuk8ma/ibJ1fOy4Ee11vHhUFHQNpHhrBneOCNHVXS5w=
github.com/shibukawa/configdir v0.0.0-20170330084843-e180dbdc8da0/go.mod h1:7AwjWCpdPhkSmNAgUv5C7EJ4AbmjEB3r047r3DXWu3Y=
github.com/shibukawa/tinygodriver v1.2.1 h1:og2w20bt7G7v6dTxanvvqd53TJW6WXlxY5W5u+8zLQM=
github.com/shibukawa/tinygodriver v1.2.1/go.mod h1:XpgSe1bWT+fCA5xEEsDuTTeqkkMG5tKKPB2PgPfzXM0=
github.com/shibukawa/tinygodriver v1.2.3 h1:ZtZjn4B3+iBh+KdIwNNKJcTPeXHV63U50zZwsWEMf14=
github.com/shibukawa/tinygodriver v1.2.3/go.mod h1:DLwOzLMnjY7+kmpALZ+lnwv7s8sWNXT1HanLp2WIUkk=
github.com/shibukawa/tinygodriver v1.2.5 h1:0O9LFytc3cimbFXxAsuAgQvzW/E94ce8YTPTlBstn/8=
github.com/shibukawa/tinygodriver v1.2.5/go.mod h1:DLwOzLMnjY7+kmpALZ+lnwv7s8sWNXT1HanLp2WIUkk=
github.com/shibukawa/tinygodriver v1.2.7 h1:ppvHOdGoIt4j1815xNSteANO2ttATUoK4ouP2QFCR5c=
github.com/shibukawa/tinygodriver v1.2.7/go.mod h1:DLwOzLMnjY7+kmpALZ+lnwv7s8sWNXT1HanLp2WIUkk=
github.com/valyala/bytebufferpool v1.0.0 h1:GqA5TC/0021Y/b9FG4Oi9Mr3q7XYx6KllzawFIhcdPw=
github.com/valyala/bytebufferpool v1.0.0/go.mod h1:6bBcMArwyJ5K/AmCkWv1jt77kVWyCJ6HpOuEn7z0Csc=
github.com/xyproto/randomstring v1.0.5 h1:YtlWPoRdgMu3NZtP45drfy1GKoojuR7hmRcnhZqKjWU=
github.com/xyproto/randomstring v1.0.5/go.mod h1:rgmS5DeNXLivK7YprL0pY+lTuhNQW3iGxZ18UQApw/E=
golang.org/x/mod v0.38.0 h1:MECBjubtXD7yj4HrhIUcywNaGeNVUdfVnxmPajOk4yk=
golang.org/x/mod v0.38.0/go.mod h1:V6Xz0pq8TQ3dGqVQ1FVHuelZpAL0uNhSkk9ogYP3c40=
golang.org/x/net v0.57.0 h1:K5+3DljvIuDG9/Jv9rvyMywYNFCQ9RSUY6OOTTkT+tE=
golang.org/x/net v0.57.0/go.mod h1:KpXc8iv+r3XplLAG/f7Jsf9RPszJzdR0f58q9vGOuEU=
golang.org/x/sync v0.22.0 h1:SZjpbeLmrCk4xhRSZFNZW5gFUeCeFgjekvI/+gfScek=
golang.org/x/sync v0.22.0/go.mod h1:9xrNwdLfx4jkKbNva9FpL6vEN7evnE43NNNJQ2LF3+0=
golang.org/x/tools v0.48.0 h1:3+hClM1aLL5mjMKm5ovokw9epgRXPuu2tILgismM6RE=
golang.org/x/tools v0.48.0/go.mod h1:08xX0orndb/F7jJxGDicx061tyd5pcMto75YMAXr6lk=
